// !$*UTF8*$!
{
	archiveVersion = 1;
	classes = {
	};
	objectVersion = 55;
	objects = {

/* Begin PBXBuildFile section */
		BD0EF06F28AF2BCA0042B84C /* MoreViewController.swift in Sources */ = {isa = PBXBuildFile; fileRef = BD0EF06E28AF2BC60042B84C /* MoreViewController.swift */; };
		BD2104E928A9DC0000EF56F5 /* NightViewController.swift in Sources */ = {isa = PBXBuildFile; fileRef = BD2104E828A9DC0000EF56F5 /* NightViewController.swift */; };
		BD2104ED28AB3C7A00EF56F5 /* HydrateViewController.swift in Sources */ = {isa = PBXBuildFile; fileRef = BD2104EC28AB3C7A00EF56F5 /* HydrateViewController.swift */; };
		BD46AD9028A6AB850040BD2A /* AppDelegate.swift in Sources */ = {isa = PBXBuildFile; fileRef = BD46AD8F28A6AB850040BD2A /* AppDelegate.swift */; };
		BD46AD9228A6AB850040BD2A /* SceneDelegate.swift in Sources */ = {isa = PBXBuildFile; fileRef = BD46AD9128A6AB850040BD2A /* SceneDelegate.swift */; };
		BD46AD9428A6AB850040BD2A /* ViewController.swift in Sources */ = {isa = PBXBuildFile; fileRef = BD46AD9328A6AB850040BD2A /* ViewController.swift */; };
		BD46AD9728A6AB850040BD2A /* Main.storyboard in Resources */ = {isa = PBXBuildFile; fileRef = BD46AD9528A6AB850040BD2A /* Main.storyboard */; };
		BD46AD9A28A6AB850040BD2A /* esteeLauder2.xcdatamodeld in Sources */ = {isa = PBXBuildFile; fileRef = BD46AD9828A6AB850040BD2A /* esteeLauder2.xcdatamodeld */; };
		BD46AD9C28A6ABCB0040BD2A /* Assets.xcassets in Resources */ = {isa = PBXBuildFile; fileRef = BD46AD9B28A6ABCB0040BD2A /* Assets.xcassets */; };
		BD46AD9F28A6ABCB0040BD2A /* LaunchScreen.storyboard in Resources */ = {isa = PBXBuildFile; fileRef = BD46AD9D28A6ABCB0040BD2A /* LaunchScreen.storyboard */; };
		BD46ADAA28A6ABCD0040BD2A /* esteeLauder2Tests.swift in Sources */ = {isa = PBXBuildFile; fileRef = BD46ADA928A6ABCD0040BD2A /* esteeLauder2Tests.swift */; };
		BD46ADB428A6ABCD0040BD2A /* esteeLauder2UITests.swift in Sources */ = {isa = PBXBuildFile; fileRef = BD46ADB328A6ABCD0040BD2A /* esteeLauder2UITests.swift */; };
		BD46ADB628A6ABCD0040BD2A /* esteeLauder2UITestsLaunchTests.swift in Sources */ = {isa = PBXBuildFile; fileRef = BD46ADB528A6ABCD0040BD2A /* esteeLauder2UITestsLaunchTests.swift */; };
/* End PBXBuildFile section */

/* Begin PBXContainerItemProxy section */
		BD46ADA628A6ABCD0040BD2A /* PBXContainerItemProxy */ = {
			isa = PBXContainerItemProxy;
			containerPortal = BD46AD8428A6AB840040BD2A /* Project object */;
			proxyType = 1;
			remoteGlobalIDString = BD46AD8B28A6AB850040BD2A;
			remoteInfo = esteeLauder2;
		};
		BD46ADB028A6ABCD0040BD2A /* PBXContainerItemProxy */ = {
			isa = PBXContainerItemProxy;
			containerPortal = BD46AD8428A6AB840040BD2A /* Project object */;
			proxyType = 1;
			remoteGlobalIDString = BD46AD8B28A6AB850040BD2A;
			remoteInfo = esteeLauder2;
		};
/* End PBXContainerItemProxy section */

/* Begin PBXFileReference section */
		BD0EF06E28AF2BC60042B84C /* MoreViewController.swift */ = {isa = PBXFileReference; lastKnownFileType = sourcecode.swift; path = MoreViewController.swift; sourceTree = "<group>"; };
		BD2104E828A9DC0000EF56F5 /* NightViewController.swift */ = {isa = PBXFileReference; lastKnownFileType = sourcecode.swift; path = NightViewController.swift; sourceTree = "<group>"; };
		BD2104EC28AB3C7A00EF56F5 /* HydrateViewController.swift */ = {isa = PBXFileReference; lastKnownFileType = sourcecode.swift; path = HydrateViewController.swift; sourceTree = "<group>"; };
		BD46AD8C28A6AB850040BD2A /* esteeLauder2.app */ = {isa = PBXFileReference; explicitFileType = wrapper.application; includeInIndex = 0; path = esteeLauder2.app; sourceTree = BUILT_PRODUCTS_DIR; };
		BD46AD8F28A6AB850040BD2A /* AppDelegate.swift */ = {isa = PBXFileReference; lastKnownFileType = sourcecode.swift; path = AppDelegate.swift; sourceTree = "<group>"; };
		BD46AD9128A6AB850040BD2A /* SceneDelegate.swift */ = {isa = PBXFileReference; lastKnownFileType = sourcecode.swift; path = SceneDelegate.swift; sourceTree = "<group>"; };
		BD46AD9328A6AB850040BD2A /* ViewController.swift */ = {isa = PBXFileReference; lastKnownFileType = sourcecode.swift; path = ViewController.swift; sourceTree = "<group>"; };
		BD46AD9628A6AB850040BD2A /* Base */ = {isa = PBXFileReference; lastKnownFileType = file.storyboard; name = Base; path = Base.lproj/Main.storyboard; sourceTree = "<group>"; };
		BD46AD9928A6AB850040BD2A /* esteeLauder2.xcdatamodel */ = {isa = PBXFileReference; lastKnownFileType = wrapper.xcdatamodel; path = esteeLauder2.xcdatamodel; sourceTree = "<group>"; };
		BD46AD9B28A6ABCB0040BD2A /* Assets.xcassets */ = {isa = PBXFileReference; lastKnownFileType = folder.assetcatalog; path = Assets.xcassets; sourceTree = "<group>"; };
		BD46AD9E28A6ABCB0040BD2A /* Base */ = {isa = PBXFileReference; lastKnownFileType = file.storyboard; name = Base; path = Base.lproj/LaunchScreen.storyboard; sourceTree = "<group>"; };
		BD46ADA028A6ABCB0040BD2A /* Info.plist */ = {isa = PBXFileReference; lastKnownFileType = text.plist.xml; path = Info.plist; sourceTree = "<group>"; };
		BD46ADA528A6ABCD0040BD2A /* esteeLauder2Tests.xctest */ = {isa = PBXFileReference; explicitFileType = wrapper.cfbundle; includeInIndex = 0; path = esteeLauder2Tests.xctest; sourceTree = BUILT_PRODUCTS_DIR; };
		BD46ADA928A6ABCD0040BD2A /* esteeLauder2Tests.swift */ = {isa = PBXFileReference; lastKnownFileType = sourcecode.swift; path = esteeLauder2Tests.swift; sourceTree = "<group>"; };
		BD46ADAF28A6ABCD0040BD2A /* esteeLauder2UITests.xctest */ = {isa = PBXFileReference; explicitFileType = wrapper.cfbundle; includeInIndex = 0; path = esteeLauder2UITests.xctest; sourceTree = BUILT_PRODUCTS_DIR; };
		BD46ADB328A6ABCD0040BD2A /* esteeLauder2UITests.swift */ = {isa = PBXFileReference; lastKnownFileType = sourcecode.swift; path = esteeLauder2UITests.swift; sourceTree = "<group>"; };
		BD46ADB528A6ABCD0040BD2A /* esteeLauder2UITestsLaunchTests.swift */ = {isa = PBXFileReference; lastKnownFileType = sourcecode.swift; path = esteeLauder2UITestsLaunchTests.swift; sourceTree = "<group>"; };
/* End PBXFileReference section */

/* Begin PBXFrameworksBuildPhase section */
		BD46AD8928A6AB850040BD2A /* Frameworks */ = {
			isa = PBXFrameworksBuildPhase;
			buildActionMask = 2147483647;
			files = (
			);
			runOnlyForDeploymentPostprocessing = 0;
		};
		BD46ADA228A6ABCD0040BD2A /* Frameworks */ = {
			isa = PBXFrameworksBuildPhase;
			buildActionMask = 2147483647;
			files = (
			);
			runOnlyForDeploymentPostprocessing = 0;
		};
		BD46ADAC28A6ABCD0040BD2A /* Frameworks */ = {
			isa = PBXFrameworksBuildPhase;
			buildActionMask = 2147483647;
			files = (
			);
			runOnlyForDeploymentPostprocessing = 0;
		};
/* End PBXFrameworksBuildPhase section */

/* Begin PBXGroup section */
		BD46AD8328A6AB840040BD2A = {
			isa = PBXGroup;
			children = (
				BD46AD8E28A6AB850040BD2A /* esteeLauder2 */,
				BD46ADA828A6ABCD0040BD2A /* esteeLauder2Tests */,
				BD46ADB228A6ABCD0040BD2A /* esteeLauder2UITests */,
				BD46AD8D28A6AB850040BD2A /* Products */,
			);
			sourceTree = "<group>";
		};
		BD46AD8D28A6AB850040BD2A /* Products */ = {
			isa = PBXGroup;
			children = (
				BD46AD8C28A6AB850040BD2A /* esteeLauder2.app */,
				BD46ADA528A6ABCD0040BD2A /* esteeLauder2Tests.xctest */,
				BD46ADAF28A6ABCD0040BD2A /* esteeLauder2UITests.xctest */,
			);
			name = Products;
			sourceTree = "<group>";
		};
		BD46AD8E28A6AB850040BD2A /* esteeLauder2 */ = {
			isa = PBXGroup;
			children = (
				BD0EF06E28AF2BC60042B84C /* MoreViewController.swift */,
				BD46AD8F28A6AB850040BD2A /* AppDelegate.swift */,
				BD46AD9128A6AB850040BD2A /* SceneDelegate.swift */,
				BD46AD9328A6AB850040BD2A /* ViewController.swift */,
				BD2104E828A9DC0000EF56F5 /* NightViewController.swift */,
				BD2104EC28AB3C7A00EF56F5 /* HydrateViewController.swift */,
				BD46AD9528A6AB850040BD2A /* Main.storyboard */,
				BD46AD9B28A6ABCB0040BD2A /* Assets.xcassets */,
				BD46AD9D28A6ABCB0040BD2A /* LaunchScreen.storyboard */,
				BD46ADA028A6ABCB0040BD2A /* Info.plist */,
				BD46AD9828A6AB850040BD2A /* esteeLauder2.xcdatamodeld */,
			);
			path = esteeLauder2;
			sourceTree = "<group>";
		};
		BD46ADA828A6ABCD0040BD2A /* esteeLauder2Tests */ = {
			isa = PBXGroup;
			children = (
				BD46ADA928A6ABCD0040BD2A /* esteeLauder2Tests.swift */,
			);
			path = esteeLauder2Tests;
			sourceTree = "<group>";
		};
		BD46ADB228A6ABCD0040BD2A /* esteeLauder2UITests */ = {
			isa = PBXGroup;
			children = (
				BD46ADB328A6ABCD0040BD2A /* esteeLauder2UITests.swift */,
				BD46ADB528A6ABCD0040BD2A /* esteeLauder2UITestsLaunchTests.swift */,
			);
			path = esteeLauder2UITests;
			sourceTree = "<group>";
		};
/* End PBXGroup section */

/* Begin PBXNativeTarget section */
		BD46AD8B28A6AB850040BD2A /* esteeLauder2 */ = {
			isa = PBXNativeTarget;
			buildConfigurationList = BD46ADB928A6ABCD0040BD2A /* Build configuration list for PBXNativeTarget "esteeLauder2" */;
			buildPhases = (
				BD46AD8828A6AB850040BD2A /* Sources */,
				BD46AD8928A6AB850040BD2A /* Frameworks */,
				BD46AD8A28A6AB850040BD2A /* Resources */,
			);
			buildRules = (
			);
			dependencies = (
			);
			name = esteeLauder2;
			productName = esteeLauder2;
			productReference = BD46AD8C28A6AB850040BD2A /* esteeLauder2.app */;
			productType = "com.apple.product-type.application";
		};
		BD46ADA428A6ABCD0040BD2A /* esteeLauder2Tests */ = {
			isa = PBXNativeTarget;
			buildConfigurationList = BD46ADBC28A6ABCD0040BD2A /* Build configuration list for PBXNativeTarget "esteeLauder2Tests" */;
			buildPhases = (
				BD46ADA128A6ABCD0040BD2A /* Sources */,
				BD46ADA228A6ABCD0040BD2A /* Frameworks */,
				BD46ADA328A6ABCD0040BD2A /* Resources */,
			);
			buildRules = (
			);
			dependencies = (
				BD46ADA728A6ABCD0040BD2A /* PBXTargetDependency */,
			);
			name = esteeLauder2Tests;
			productName = esteeLauder2Tests;
			productReference = BD46ADA528A6ABCD0040BD2A /* esteeLauder2Tests.xctest */;
			productType = "com.apple.product-type.bundle.unit-test";
		};
		BD46ADAE28A6ABCD0040BD2A /* esteeLauder2UITests */ = {
			isa = PBXNativeTarget;
			buildConfigurationList = BD46ADBF28A6ABCD0040BD2A /* Build configuration list for PBXNativeTarget "esteeLauder2UITests" */;
			buildPhases = (
				BD46ADAB28A6ABCD0040BD2A /* Sources */,
				BD46ADAC28A6ABCD0040BD2A /* Frameworks */,
				BD46ADAD28A6ABCD0040BD2A /* Resources */,
			);
			buildRules = (
			);
			dependencies = (
				BD46ADB128A6ABCD0040BD2A /* PBXTargetDependency */,
			);
			name = esteeLauder2UITests;
			productName = esteeLauder2UITests;
			productReference = BD46ADAF28A6ABCD0040BD2A /* esteeLauder2UITests.xctest */;
			productType = "com.apple.product-type.bundle.ui-testing";
		};
/* End PBXNativeTarget section */

/* Begin PBXProject section */
		BD46AD8428A6AB840040BD2A /* Project object */ = {
			isa = PBXProject;
			attributes = {
				BuildIndependentTargetsInParallel = 1;
				LastSwiftUpdateCheck = 1340;
				LastUpgradeCheck = 1340;
				TargetAttributes = {
					BD46AD8B28A6AB850040BD2A = {
						CreatedOnToolsVersion = 13.4.1;
					};
					BD46ADA428A6ABCD0040BD2A = {
						CreatedOnToolsVersion = 13.4.1;
						TestTargetID = BD46AD8B28A6AB850040BD2A;
					};
					BD46ADAE28A6ABCD0040BD2A = {
						CreatedOnToolsVersion = 13.4.1;
						TestTargetID = BD46AD8B28A6AB850040BD2A;
					};
				};
			};
			buildConfigurationList = BD46AD8728A6AB840040BD2A /* Build configuration list for PBXProject "esteeLauder2" */;
			compatibilityVersion = "Xcode 13.0";
			developmentRegion = en;
			hasScannedForEncodings = 0;
			knownRegions = (
				en,
				Base,
			);
			mainGroup = BD46AD8328A6AB840040BD2A;
			productRefGroup = BD46AD8D28A6AB850040BD2A /* Products */;
			projectDirPath = "";
			projectRoot = "";
			targets = (
				BD46AD8B28A6AB850040BD2A /* esteeLauder2 */,
				BD46ADA428A6ABCD0040BD2A /* esteeLauder2Tests */,
				BD46ADAE28A6ABCD0040BD2A /* esteeLauder2UITests */,
			);
		};
/* End PBXProject section */

/* Begin PBXResourcesBuildPhase section */
		BD46AD8A28A6AB850040BD2A /* Resources */ = {
			isa = PBXResourcesBuildPhase;
			buildActionMask = 2147483647;
			files = (
				BD46AD9F28A6ABCB0040BD2A /* LaunchScreen.storyboard in Resources */,
				BD46AD9C28A6ABCB0040BD2A /* Assets.xcassets in Resources */,
				BD46AD9728A6AB850040BD2A /* Main.storyboard in Resources */,
			);
			runOnlyForDeploymentPostprocessing = 0;
		};
		BD46ADA328A6ABCD0040BD2A /* Resources */ = {
			isa = PBXResourcesBuildPhase;
			buildActionMask = 2147483647;
			files = (
			);
			runOnlyForDeploymentPostprocessing = 0;
		};
		BD46ADAD28A6ABCD0040BD2A /* Resources */ = {
			isa = PBXResourcesBuildPhase;
			buildActionMask = 2147483647;
			files = (
			);
			runOnlyForDeploymentPostprocessing = 0;
		};
/* End PBXResourcesBuildPhase section */

/* Begin PBXSourcesBuildPhase section */
		BD46AD8828A6AB850040BD2A /* Sources */ = {
			isa = PBXSourcesBuildPhase;
			buildActionMask = 2147483647;
			files = (
				BD0EF06F28AF2BCA0042B84C /* MoreViewController.swift in Sources */,
				BD46AD9428A6AB850040BD2A /* ViewController.swift in Sources */,
				BD46AD9028A6AB850040BD2A /* AppDelegate.swift in Sources */,
				BD46AD9A28A6AB850040BD2A /* esteeLauder2.xcdatamodeld in Sources */,
				BD2104E928A9DC0000EF56F5 /* NightViewController.swift in Sources */,
				BD2104ED28AB3C7A00EF56F5 /* HydrateViewController.swift in Sources */,
				BD46AD9228A6AB850040BD2A /* SceneDelegate.swift in Sources */,
			);
			runOnlyForDeploymentPostprocessing = 0;
		};
		BD46ADA128A6ABCD0040BD2A /* Sources */ = {
			isa = PBXSourcesBuildPhase;
			buildActionMask = 2147483647;
			files = (
				BD46ADAA28A6ABCD0040BD2A /* esteeLauder2Tests.swift in Sources */,
			);
			runOnlyForDeploymentPostprocessing = 0;
		};
		BD46ADAB28A6ABCD0040BD2A /* Sources */ = {
			isa = PBXSourcesBuildPhase;
			buildActionMask = 2147483647;
			files = (
				BD46ADB428A6ABCD0040BD2A /* esteeLauder2UITests.swift in Sources */,
				BD46ADB628A6ABCD0040BD2A /* esteeLauder2UITestsLaunchTests.swift in Sources */,
			);
			runOnlyForDeploymentPostprocessing = 0;
		};
/* End PBXSourcesBuildPhase section */

/* Begin PBXTargetDependency section */
		BD46ADA728A6ABCD0040BD2A /* PBXTargetDependency */ = {
			isa = PBXTargetDependency;
			target = BD46AD8B28A6AB850040BD2A /* esteeLauder2 */;
			targetProxy = BD46ADA628A6ABCD0040BD2A /* PBXContainerItemProxy */;
		};
		BD46ADB128A6ABCD0040BD2A /* PBXTargetDependency */ = {
			isa = PBXTargetDependency;
			target = BD46AD8B28A6AB850040BD2A /* esteeLauder2 */;
			targetProxy = BD46ADB028A6ABCD0040BD2A /* PBXContainerItemProxy */;
		};
/* End PBXTargetDependency section */

/* Begin PBXVariantGroup section */
		BD46AD9528A6AB850040BD2A /* Main.storyboard */ = {
			isa = PBXVariantGroup;
			children = (
				BD46AD9628A6AB850040BD2A /* Base */,
			);
			name = Main.storyboard;
			sourceTree = "<group>";
		};
		BD46AD9D28A6ABCB0040BD2A /* LaunchScreen.storyboard */ = {
			isa = PBXVariantGroup;
			children = (
				BD46AD9E28A6ABCB0040BD2A /* Base */,
			);
			name = LaunchScreen.storyboard;
			sourceTree = "<group>";
		};
/* End PBXVariantGroup section */

/* Begin XCBuildConfiguration section */
		BD46ADB728A6ABCD0040BD2A /* Debug */ = {
			isa = XCBuildConfiguration;
			buildSettings = {
				ALWAYS_SEARCH_USER_PATHS = NO;
				CLANG_ANALYZER_NONNULL = YES;
				CLANG_ANALYZER_NUMBER_OBJECT_CONVERSION = YES_AGGRESSIVE;
				CLANG_CXX_LANGUAGE_STANDARD = "gnu++17";
				CLANG_ENABLE_MODULES = YES;
				CLANG_ENABLE_OBJC_ARC = YES;
				CLANG_ENABLE_OBJC_WEAK = YES;
				CLANG_WARN_BLOCK_CAPTURE_AUTORELEASING = YES;
				CLANG_WARN_BOOL_CONVERSION = YES;
				CLANG_WARN_COMMA = YES;
				CLANG_WARN_CONSTANT_CONVERSION = YES;
				CLANG_WARN_DEPRECATED_OBJC_IMPLEMENTATIONS = YES;
				CLANG_WARN_DIRECT_OBJC_ISA_USAGE = YES_ERROR;
				CLANG_WARN_DOCUMENTATION_COMMENTS = YES;
				CLANG_WARN_EMPTY_BODY = YES;
				CLANG_WARN_ENUM_CONVERSION = YES;
				CLANG_WARN_INFINITE_RECURSION = YES;
				CLANG_WARN_INT_CONVERSION = YES;
				CLANG_WARN_NON_LITERAL_NULL_CONVERSION = YES;
				CLANG_WARN_OBJC_IMPLICIT_RETAIN_SELF = YES;
				CLANG_WARN_OBJC_LITERAL_CONVERSION = YES;
				CLANG_WARN_OBJC_ROOT_CLASS = YES_ERROR;
				CLANG_WARN_QUOTED_INCLUDE_IN_FRAMEWORK_HEADER = YES;
				CLANG_WARN_RANGE_LOOP_ANALYSIS = YES;
				CLANG_WARN_STRICT_PROTOTYPES = YES;
				CLANG_WARN_SUSPICIOUS_MOVE = YES;
				CLANG_WARN_UNGUARDED_AVAILABILITY = YES_AGGRESSIVE;
				CLANG_WARN_UNREACHABLE_CODE = YES;
				CLANG_WARN__DUPLICATE_METHOD_MATCH = YES;
				COPY_PHASE_STRIP = NO;
				DEBUG_INFORMATION_FORMAT = dwarf;
				ENABLE_STRICT_OBJC_MSGSEND = YES;
				ENABLE_TESTABILITY = YES;
				GCC_C_LANGUAGE_STANDARD = gnu11;
				GCC_DYNAMIC_NO_PIC = NO;
				GCC_NO_COMMON_BLOCKS = YES;
				GCC_OPTIMIZATION_LEVEL = 0;
				GCC_PREPROCESSOR_DEFINITIONS = (
					"DEBUG=1",
					"$(inherited)",
				);
				GCC_WARN_64_TO_32_BIT_CONVERSION = YES;
				GCC_WARN_ABOUT_RETURN_TYPE = YES_ERROR;
				GCC_WARN_UNDECLARED_SELECTOR = YES;
				GCC_WARN_UNINITIALIZED_AUTOS = YES_AGGRESSIVE;
				GCC_WARN_UNUSED_FUNCTION = YES;
				GCC_WARN_UNUSED_VARIABLE = YES;
				IPHONEOS_DEPLOYMENT_TARGET = 15.5;
				MTL_ENABLE_DEBUG_INFO = INCLUDE_SOURCE;
				MTL_FAST_MATH = YES;
				ONLY_ACTIVE_ARCH = YES;
				SDKROOT = iphoneos;
				SWIFT_ACTIVE_COMPILATION_CONDITIONS = DEBUG;
				SWIFT_OPTIMIZATION_LEVEL = "-Onone";
			};
			name = Debug;
		};
		BD46ADB828A6ABCD0040BD2A /* Release */ = {
			isa = XCBuildConfiguration;
			buildSettings = {
				ALWAYS_SEARCH_USER_PATHS = NO;
				CLANG_ANALYZER_NONNULL = YES;
				CLANG_ANALYZER_NUMBER_OBJECT_CONVERSION = YES_AGGRESSIVE;
				CLANG_CXX_LANGUAGE_STANDARD = "gnu++17";
				CLANG_ENABLE_MODULES = YES;
				CLANG_ENABLE_OBJC_ARC = YES;
				CLANG_ENABLE_OBJC_WEAK = YES;
				CLANG_WARN_BLOCK_CAPTURE_AUTORELEASING = YES;
				CLANG_WARN_BOOL_CONVERSION = YES;
				CLANG_WARN_COMMA = YES;
				CLANG_WARN_CONSTANT_CONVERSION = YES;
				CLANG_WARN_DEPRECATED_OBJC_IMPLEMENTATIONS = YES;
				CLANG_WARN_DIRECT_OBJC_ISA_USAGE = YES_ERROR;
				CLANG_WARN_DOCUMENTATION_COMMENTS = YES;
				CLANG_WARN_EMPTY_BODY = YES;
				CLANG_WARN_ENUM_CONVERSION = YES;
				CLANG_WARN_INFINITE_RECURSION = YES;
				CLANG_WARN_INT_CONVERSION = YES;
				CLANG_WARN_NON_LITERAL_NULL_CONVERSION = YES;
				CLANG_WARN_OBJC_IMPLICIT_RETAIN_SELF = YES;
				CLANG_WARN_OBJC_LITERAL_CONVERSION = YES;
				CLANG_WARN_OBJC_ROOT_CLASS = YES_ERROR;
				CLANG_WARN_QUOTED_INCLUDE_IN_FRAMEWORK_HEADER = YES;
				CLANG_WARN_RANGE_LOOP_ANALYSIS = YES;
				CLANG_WARN_STRICT_PROTOTYPES = YES;
				CLANG_WARN_SUSPICIOUS_MOVE = YES;
				CLANG_WARN_UNGUARDED_AVAILABILITY = YES_AGGRESSIVE;
				CLANG_WARN_UNREACHABLE_CODE = YES;
				CLANG_WARN__DUPLICATE_METHOD_MATCH = YES;
				COPY_PHASE_STRIP = NO;
				DEBUG_INFORMATION_FORMAT = "dwarf-with-dsym";
				ENABLE_NS_ASSERTIONS = NO;
				ENABLE_STRICT_OBJC_MSGSEND = YES;
				GCC_C_LANGUAGE_STANDARD = gnu11;
				GCC_NO_COMMON_BLOCKS = YES;
				GCC_WARN_64_TO_32_BIT_CONVERSION = YES;
				GCC_WARN_ABOUT_RETURN_TYPE = YES_ERROR;
				GCC_WARN_UNDECLARED_SELECTOR = YES;
				GCC_WARN_UNINITIALIZED_AUTOS = YES_AGGRESSIVE;
				GCC_WARN_UNUSED_FUNCTION = YES;
				GCC_WARN_UNUSED_VARIABLE = YES;
				IPHONEOS_DEPLOYMENT_TARGET = 15.5;
				MTL_ENABLE_DEBUG_INFO = NO;
				MTL_FAST_MATH = YES;
				SDKROOT = iphoneos;
				SWIFT_COMPILATION_MODE = wholemodule;
				SWIFT_OPTIMIZATION_LEVEL = "-O";
				VALIDATE_PRODUCT = YES;
			};
			name = Release;
		};
		BD46ADBA28A6ABCD0040BD2A /* Debug */ = {
			isa = XCBuildConfiguration;
			buildSettings = {
				ASSETCATALOG_COMPILER_APPICON_NAME = AppIcon;
				ASSETCATALOG_COMPILER_GLOBAL_ACCENT_COLOR_NAME = AccentColor;
				CODE_SIGN_STYLE = Automatic;
				CURRENT_PROJECT_VERSION = 1;
				GENERATE_INFOPLIST_FILE = YES;
				INFOPLIST_FILE = esteeLauder2/Info.plist;
				INFOPLIST_KEY_UIApplicationSupportsIndirectInputEvents = YES;
				INFOPLIST_KEY_UILaunchStoryboardName = LaunchScreen;
				INFOPLIST_KEY_UIMainStoryboardFile = Main;
				INFOPLIST_KEY_UISupportedInterfaceOrientations_iPad = "UIInterfaceOrientationPortrait UIInterfaceOrientationPortraitUpsideDown UIInterfaceOrientationLandscapeLeft UIInterfaceOrientationLandscapeRight";
				INFOPLIST_KEY_UISupportedInterfaceOrientations_iPhone = "UIInterfaceOrientationPortrait UIInterfaceOrientationLandscapeLeft UIInterfaceOrientationLandscapeRight";
				LD_RUNPATH_SEARCH_PATHS = (
					"$(inherited)",
					"@executable_path/Frameworks",
				);
				MARKETING_VERSION = 1.0;
				PRODUCT_BUNDLE_IDENTIFIER = alaynah.esteeLauder2;
				PRODUCT_NAME = "$(TARGET_NAME)";
				SWIFT_EMIT_LOC_STRINGS = YES;
				SWIFT_VERSION = 5.0;
				TARGETED_DEVICE_FAMILY = "1,2";
			};
			name = Debug;
		};
		BD46ADBB28A6ABCD0040BD2A /* Release */ = {
			isa = XCBuildConfiguration;
			buildSettings = {
				ASSETCATALOG_COMPILER_APPICON_NAME = AppIcon;
				ASSETCATALOG_COMPILER_GLOBAL_ACCENT_COLOR_NAME = AccentColor;
				CODE_SIGN_STYLE = Automatic;
				CURRENT_PROJECT_VERSION = 1;
				GENERATE_INFOPLIST_FILE = YES;
				INFOPLIST_FILE = esteeLauder2/Info.plist;
				INFOPLIST_KEY_UIApplicationSupportsIndirectInputEvents = YES;
				INFOPLIST_KEY_UILaunchStoryboardName = LaunchScreen;
				INFOPLIST_KEY_UIMainStoryboardFile = Main;
				INFOPLIST_KEY_UISupportedInterfaceOrientations_iPad = "UIInterfaceOrientationPortrait UIInterfaceOrientationPortraitUpsideDown UIInterfaceOrientationLandscapeLeft UIInterfaceOrientationLandscapeRight";
				INFOPLIST_KEY_UISupportedInterfaceOrientations_iPhone = "UIInterfaceOrientationPortrait UIInterfaceOrientationLandscapeLeft UIInterfaceOrientationLandscapeRight";
				LD_RUNPATH_SEARCH_PATHS = (
					"$(inherited)",
					"@executable_path/Frameworks",
				);
				MARKETING_VERSION = 1.0;
				PRODUCT_BUNDLE_IDENTIFIER = alaynah.esteeLauder2;
				PRODUCT_NAME = "$(TARGET_NAME)";
				SWIFT_EMIT_LOC_STRINGS = YES;
				SWIFT_VERSION = 5.0;
				TARGETED_DEVICE_FAMILY = "1,2";
			};
			name = Release;
		};
		BD46ADBD28A6ABCD0040BD2A /* Debug */ = {
			isa = XCBuildConfiguration;
			buildSettings = {
				ALWAYS_EMBED_SWIFT_STANDARD_LIBRARIES = YES;
				BUNDLE_LOADER = "$(TEST_HOST)";
				CODE_SIGN_STYLE = Automatic;
				CURRENT_PROJECT_VERSION = 1;
				GENERATE_INFOPLIST_FILE = YES;
				IPHONEOS_DEPLOYMENT_TARGET = 15.5;
				MARKETING_VERSION = 1.0;
				PRODUCT_BUNDLE_IDENTIFIER = alaynah.esteeLauder2Tests;
				PRODUCT_NAME = "$(TARGET_NAME)";
				SWIFT_EMIT_LOC_STRINGS = NO;
				SWIFT_VERSION = 5.0;
				TARGETED_DEVICE_FAMILY = "1,2";
				TEST_HOST = "$(BUILT_PRODUCTS_DIR)/esteeLauder2.app/esteeLauder2";
			};
			name = Debug;
		};
		BD46ADBE28A6ABCD0040BD2A /* Release */ = {
			isa = XCBuildConfiguration;
			buildSettings = {
				ALWAYS_EMBED_SWIFT_STANDARD_LIBRARIES = YES;
				BUNDLE_LOADER = "$(TEST_HOST)";
				CODE_SIGN_STYLE = Automatic;
				CURRENT_PROJECT_VERSION = 1;
				GENERATE_INFOPLIST_FILE = YES;
				IPHONEOS_DEPLOYMENT_TARGET = 15.5;
				MARKETING_VERSION = 1.0;
				PRODUCT_BUNDLE_IDENTIFIER = alaynah.esteeLauder2Tests;
				PRODUCT_NAME = "$(TARGET_NAME)";
				SWIFT_EMIT_LOC_STRINGS = NO;
				SWIFT_VERSION = 5.0;
				TARGETED_DEVICE_FAMILY = "1,2";
				TEST_HOST = "$(BUILT_PRODUCTS_DIR)/esteeLauder2.app/esteeLauder2";
			};
			name = Release;
		};
		BD46ADC028A6ABCD0040BD2A /* Debug */ = {
			isa = XCBuildConfiguration;
			buildSettings = {
				ALWAYS_EMBED_SWIFT_STANDARD_LIBRARIES = YES;
				CODE_SIGN_STYLE = Automatic;
				CURRENT_PROJECT_VERSION = 1;
				GENERATE_INFOPLIST_FILE = YES;
				MARKETING_VERSION = 1.0;
				PRODUCT_BUNDLE_IDENTIFIER = alaynah.esteeLauder2UITests;
				PRODUCT_NAME = "$(TARGET_NAME)";
				SWIFT_EMIT_LOC_STRINGS = NO;
				SWIFT_VERSION = 5.0;
				TARGETED_DEVICE_FAMILY = "1,2";
				TEST_TARGET_NAME = esteeLauder2;
			};
			name = Debug;
		};
		BD46ADC128A6ABCD0040BD2A /* Release */ = {
			isa = XCBuildConfiguration;
			buildSettings = {
				ALWAYS_EMBED_SWIFT_STANDARD_LIBRARIES = YES;
				CODE_SIGN_STYLE = Automatic;
				CURRENT_PROJECT_VERSION = 1;
				GENERATE_INFOPLIST_FILE = YES;
				MARKETING_VERSION = 1.0;
				PRODUCT_BUNDLE_IDENTIFIER = alaynah.esteeLauder2UITests;
				PRODUCT_NAME = "$(TARGET_NAME)";
				SWIFT_EMIT_LOC_STRINGS = NO;
				SWIFT_VERSION = 5.0;
				TARGETED_DEVICE_FAMILY = "1,2";
				TEST_TARGET_NAME = esteeLauder2;
			};
			name = Release;
		};
/* End XCBuildConfiguration section */

/* Begin XCConfigurationList section */
		BD46AD8728A6AB840040BD2A /* Build configuration list for PBXProject "esteeLauder2" */ = {
			isa = XCConfigurationList;
			buildConfigurations = (
				BD46ADB728A6ABCD0040BD2A /* Debug */,
				BD46ADB828A6ABCD0040BD2A /* Release */,
			);
			defaultConfigurationIsVisible = 0;
			defaultConfigurationName = Release;
		};
		BD46ADB928A6ABCD0040BD2A /* Build configuration list for PBXNativeTarget "esteeLauder2" */ = {
			isa = XCConfigurationList;
			buildConfigurations = (
				BD46ADBA28A6ABCD0040BD2A /* Debug */,
				BD46ADBB28A6ABCD0040BD2A /* Release */,
			);
			defaultConfigurationIsVisible = 0;
			defaultConfigurationName = Release;
		};
		BD46ADBC28A6ABCD0040BD2A /* Build configuration list for PBXNativeTarget "esteeLauder2Tests" */ = {
			isa = XCConfigurationList;
			buildConfigurations = (
				BD46ADBD28A6ABCD0040BD2A /* Debug */,
				BD46ADBE28A6ABCD0040BD2A /* Release */,
			);
			defaultConfigurationIsVisible = 0;
			defaultConfigurationName = Release;
		};
		BD46ADBF28A6ABCD0040BD2A /* Build configuration list for PBXNativeTarget "esteeLauder2UITests" */ = {
			isa = XCConfigurationList;
			buildConfigurations = (
				BD46ADC028A6ABCD0040BD2A /* Debug */,
				BD46ADC128A6ABCD0040BD2A /* Release */,
			);
			defaultConfigurationIsVisible = 0;
			defaultConfigurationName = Release;
		};
/* End XCConfigurationList section */

/* Begin XCVersionGroup section */
		BD46AD9828A6AB850040BD2A /* esteeLauder2.xcdatamodeld */ = {
			isa = XCVersionGroup;
			children = (
				BD46AD9928A6AB850040BD2A /* esteeLauder2.xcdatamodel */,
			);
			currentVersion = BD46AD9928A6AB850040BD2A /* esteeLauder2.xcdatamodel */;
			path = esteeLauder2.xcdatamodeld;
			sourceTree = "<group>";
			versionGroupType = wrapper.xcdatamodel;
		};
/* End XCVersionGroup section */
	};
	rootObject = BD46AD8428A6AB840040BD2A /* Project object */;
}
